
Microsoft Visual Studio Solution File, Format Version 12.00
# Visual Studio Version 17
VisualStudioVersion = 17.6.33829.357
MinimumVisualStudioVersion = 10.0.40219.1
Project("{9A19103F-16F7-4668-BE54-9A1E7A4F7556}") = "MBLDTracker", "MBLDTracker.csproj", "{ED74F7BA-9D1B-489D-89CA-A268003A7164}"
EndProject
Project("{9A19103F-16F7-4668-BE54-9A1E7A4F7556}") = "Solver", "..\..\CubeTracerProject\Solver\Solver.csproj", "{B9995125-EE19-4EDD-A50C-B31D0933F482}"
EndProject
Project("{9A19103F-16F7-4668-BE54-9A1E7A4F7556}") = "MBLDTrackerUI", "..\MBLDTrackerUI\MBLDTrackerUI.csproj", "{14AE5FCD-673D-412A-B70E-65D200F5F4FA}"
EndProject
Global
	GlobalSection(SolutionConfigurationPlatforms) = preSolution
		Debug|Any CPU = Debug|Any CPU
		Release|Any CPU = Release|Any CPU
	EndGlobalSection
	GlobalSection(ProjectConfigurationPlatforms) = postSolution
		{ED74F7BA-9D1B-489D-89CA-A268003A7164}.Debug|Any CPU.ActiveCfg = Debug|Any CPU
		{ED74F7BA-9D1B-489D-89CA-A268003A7164}.Debug|Any CPU.Build.0 = Debug|Any CPU
		{ED74F7BA-9D1B-489D-89CA-A268003A7164}.Release|Any CPU.ActiveCfg = Release|Any CPU
		{ED74F7BA-9D1B-489D-89CA-A268003A7164}.Release|Any CPU.Build.0 = Release|Any CPU
		{B9995125-EE19-4EDD-A50C-B31D0933F482}.Debug|Any CPU.ActiveCfg = Debug|Any CPU
		{B9995125-EE19-4EDD-A50C-B31D0933F482}.Debug|Any CPU.Build.0 = Debug|Any CPU
		{B9995125-EE19-4EDD-A50C-B31D0933F482}.Release|Any CPU.ActiveCfg = Release|Any CPU
		{B9995125-EE19-4EDD-A50C-B31D0933F482}.Release|Any CPU.Build.0 = Release|Any CPU
		{14AE5FCD-673D-412A-B70E-65D200F5F4FA}.Debug|Any CPU.ActiveCfg = Debug|Any CPU
		{14AE5FCD-673D-412A-B70E-65D200F5F4FA}.Debug|Any CPU.Build.0 = Debug|Any CPU
		{14AE5FCD-673D-412A-B70E-65D200F5F4FA}.Release|Any CPU.ActiveCfg = Release|Any CPU
		{14AE5FCD-673D-412A-B70E-65D200F5F4FA}.Release|Any CPU.Build.0 = Release|Any CPU
	EndGlobalSection
	GlobalSection(SolutionProperties) = preSolution
		HideSolutionNode = FALSE
	EndGlobalSection
	GlobalSection(ExtensibilityGlobals) = postSolution
		SolutionGuid = {9CFAD686-CD86-4246-8B19-A94B9087D5B4}
	EndGlobalSection
EndGlobal
